// !$*UTF8*$!
{
	archiveVersion = 1;
	classes = {
	};
	objectVersion = 56;
	objects = {

/* Begin PBXBuildFile section */
		876CC3232CB4D1EB00754055 /* uMatterApp.swift in Sources */ = {isa = PBXBuildFile; fileRef = 876CC3222CB4D1EB00754055 /* uMatterApp.swift */; };
		876CC3252CB4D1EB00754055 /* ContentView.swift in Sources */ = {isa = PBXBuildFile; fileRef = 876CC3242CB4D1EB00754055 /* ContentView.swift */; };
		876CC3272CB4D1EE00754055 /* Assets.xcassets in Resources */ = {isa = PBXBuildFile; fileRef = 876CC3262CB4D1EE00754055 /* Assets.xcassets */; };
		876CC32B2CB4D1EE00754055 /* Preview Assets.xcassets in Resources */ = {isa = PBXBuildFile; fileRef = 876CC32A2CB4D1EE00754055 /* Preview Assets.xcassets */; };
		876CC3352CB4D1EE00754055 /* uMatterTests.swift in Sources */ = {isa = PBXBuildFile; fileRef = 876CC3342CB4D1EE00754055 /* uMatterTests.swift */; };
		876CC33F2CB4D1EE00754055 /* uMatterUITests.swift in Sources */ = {isa = PBXBuildFile; fileRef = 876CC33E2CB4D1EE00754055 /* uMatterUITests.swift */; };
		876CC3412CB4D1EE00754055 /* uMatterUITestsLaunchTests.swift in Sources */ = {isa = PBXBuildFile; fileRef = 876CC3402CB4D1EE00754055 /* uMatterUITestsLaunchTests.swift */; };
		876CC3542CB4D64200754055 /* SplashScreenView.swift in Sources */ = {isa = PBXBuildFile; fileRef = 876CC3502CB4D5D900754055 /* SplashScreenView.swift */; };
		879778AB2CB8723D00B8CB92 /* emotion.swift in Sources */ = {isa = PBXBuildFile; fileRef = 879778A92CB8723900B8CB92 /* emotion.swift */; };
/* End PBXBuildFile section */

/* Begin PBXContainerItemProxy section */
		876CC3312CB4D1EE00754055 /* PBXContainerItemProxy */ = {
			isa = PBXContainerItemProxy;
			containerPortal = 876CC3172CB4D1EB00754055 /* Project object */;
			proxyType = 1;
			remoteGlobalIDString = 876CC31E2CB4D1EB00754055;
			remoteInfo = uMatter;
		};
		876CC33B2CB4D1EE00754055 /* PBXContainerItemProxy */ = {
			isa = PBXContainerItemProxy;
			containerPortal = 876CC3172CB4D1EB00754055 /* Project object */;
			proxyType = 1;
			remoteGlobalIDString = 876CC31E2CB4D1EB00754055;
			remoteInfo = uMatter;
		};
/* End PBXContainerItemProxy section */

/* Begin PBXFileReference section */
		876CC31F2CB4D1EB00754055 /* uMatter.app */ = {isa = PBXFileReference; explicitFileType = wrapper.application; includeInIndex = 0; path = uMatter.app; sourceTree = BUILT_PRODUCTS_DIR; };
		876CC3222CB4D1EB00754055 /* uMatterApp.swift */ = {isa = PBXFileReference; lastKnownFileType = sourcecode.swift; path = uMatterApp.swift; sourceTree = "<group>"; };
		876CC3242CB4D1EB00754055 /* ContentView.swift */ = {isa = PBXFileReference; lastKnownFileType = sourcecode.swift; path = ContentView.swift; sourceTree = "<group>"; };
		876CC3262CB4D1EE00754055 /* Assets.xcassets */ = {isa = PBXFileReference; lastKnownFileType = folder.assetcatalog; path = Assets.xcassets; sourceTree = "<group>"; };
		876CC3282CB4D1EE00754055 /* uMatter.entitlements */ = {isa = PBXFileReference; lastKnownFileType = text.plist.entitlements; path = uMatter.entitlements; sourceTree = "<group>"; };
		876CC32A2CB4D1EE00754055 /* Preview Assets.xcassets */ = {isa = PBXFileReference; lastKnownFileType = folder.assetcatalog; path = "Preview Assets.xcassets"; sourceTree = "<group>"; };
		876CC3302CB4D1EE00754055 /* uMatterTests.xctest */ = {isa = PBXFileReference; explicitFileType = wrapper.cfbundle; includeInIndex = 0; path = uMatterTests.xctest; sourceTree = BUILT_PRODUCTS_DIR; };
		876CC3342CB4D1EE00754055 /* uMatterTests.swift */ = {isa = PBXFileReference; lastKnownFileType = sourcecode.swift; path = uMatterTests.swift; sourceTree = "<group>"; };
		876CC33A2CB4D1EE00754055 /* uMatterUITests.xctest */ = {isa = PBXFileReference; explicitFileType = wrapper.cfbundle; includeInIndex = 0; path = uMatterUITests.xctest; sourceTree = BUILT_PRODUCTS_DIR; };
		876CC33E2CB4D1EE00754055 /* uMatterUITests.swift */ = {isa = PBXFileReference; lastKnownFileType = sourcecode.swift; path = uMatterUITests.swift; sourceTree = "<group>"; };
		876CC3402CB4D1EE00754055 /* uMatterUITestsLaunchTests.swift */ = {isa = PBXFileReference; lastKnownFileType = sourcecode.swift; path = uMatterUITestsLaunchTests.swift; sourceTree = "<group>"; };
		876CC3502CB4D5D900754055 /* SplashScreenView.swift */ = {isa = PBXFileReference; lastKnownFileType = sourcecode.swift; path = SplashScreenView.swift; sourceTree = "<group>"; };
		879778A92CB8723900B8CB92 /* emotion.swift */ = {isa = PBXFileReference; lastKnownFileType = sourcecode.swift; path = emotion.swift; sourceTree = "<group>"; };
/* End PBXFileReference section */

/* Begin PBXFrameworksBuildPhase section */
		876CC31C2CB4D1EB00754055 /* Frameworks */ = {
			isa = PBXFrameworksBuildPhase;
			buildActionMask = 2147483647;
			files = (
			);
			runOnlyForDeploymentPostprocessing = 0;
		};
		876CC32D2CB4D1EE00754055 /* Frameworks */ = {
			isa = PBXFrameworksBuildPhase;
			buildActionMask = 2147483647;
			files = (
			);
			runOnlyForDeploymentPostprocessing = 0;
		};
		876CC3372CB4D1EE00754055 /* Frameworks */ = {
			isa = PBXFrameworksBuildPhase;
			buildActionMask = 2147483647;
			files = (
			);
			runOnlyForDeploymentPostprocessing = 0;
		};
/* End PBXFrameworksBuildPhase section */

/* Begin PBXGroup section */
		876CC3162CB4D1EB00754055 = {
			isa = PBXGroup;
			children = (
				876CC3502CB4D5D900754055 /* SplashScreenView.swift */,
				876CC3212CB4D1EB00754055 /* uMatter */,
				876CC3332CB4D1EE00754055 /* uMatterTests */,
				876CC33D2CB4D1EE00754055 /* uMatterUITests */,
				876CC3202CB4D1EB00754055 /* Products */,
			);
			sourceTree = "<group>";
		};
		876CC3202CB4D1EB00754055 /* Products */ = {
			isa = PBXGroup;
			children = (
				876CC31F2CB4D1EB00754055 /* uMatter.app */,
				876CC3302CB4D1EE00754055 /* uMatterTests.xctest */,
				876CC33A2CB4D1EE00754055 /* uMatterUITests.xctest */,
			);
			name = Products;
			sourceTree = "<group>";
		};
		876CC3212CB4D1EB00754055 /* uMatter */ = {
			isa = PBXGroup;
			children = (
				876CC3222CB4D1EB00754055 /* uMatterApp.swift */,
				876CC3242CB4D1EB00754055 /* ContentView.swift */,
				879778A92CB8723900B8CB92 /* emotion.swift */,
				876CC3262CB4D1EE00754055 /* Assets.xcassets */,
				876CC3282CB4D1EE00754055 /* uMatter.entitlements */,
				876CC3292CB4D1EE00754055 /* Preview Content */,
			);
			path = uMatter;
			sourceTree = "<group>";
		};
		876CC3292CB4D1EE00754055 /* Preview Content */ = {
			isa = PBXGroup;
			children = (
				876CC32A2CB4D1EE00754055 /* Preview Assets.xcassets */,
			);
			path = "Preview Content";
			sourceTree = "<group>";
		};
		876CC3332CB4D1EE00754055 /* uMatterTests */ = {
			isa = PBXGroup;
			children = (
				876CC3342CB4D1EE00754055 /* uMatterTests.swift */,
			);
			path = uMatterTests;
			sourceTree = "<group>";
		};
		876CC33D2CB4D1EE00754055 /* uMatterUITests */ = {
			isa = PBXGroup;
			children = (
				876CC33E2CB4D1EE00754055 /* uMatterUITests.swift */,
				876CC3402CB4D1EE00754055 /* uMatterUITestsLaunchTests.swift */,
			);
			path = uMatterUITests;
			sourceTree = "<group>";
		};
/* End PBXGroup section */

/* Begin PBXNativeTarget section */
		876CC31E2CB4D1EB00754055 /* uMatter */ = {
			isa = PBXNativeTarget;
			buildConfigurationList = 876CC3442CB4D1EE00754055 /* Build configuration list for PBXNativeTarget "uMatter" */;
			buildPhases = (
				876CC31B2CB4D1EB00754055 /* Sources */,
				876CC31C2CB4D1EB00754055 /* Frameworks */,
				876CC31D2CB4D1EB00754055 /* Resources */,
			);
			buildRules = (
			);
			dependencies = (
			);
			name = uMatter;
			productName = uMatter;
			productReference = 876CC31F2CB4D1EB00754055 /* uMatter.app */;
			productType = "com.apple.product-type.application";
		};
		876CC32F2CB4D1EE00754055 /* uMatterTests */ = {
			isa = PBXNativeTarget;
			buildConfigurationList = 876CC3472CB4D1EE00754055 /* Build configuration list for PBXNativeTarget "uMatterTests" */;
			buildPhases = (
				876CC32C2CB4D1EE00754055 /* Sources */,
				876CC32D2CB4D1EE00754055 /* Frameworks */,
				876CC32E2CB4D1EE00754055 /* Resources */,
			);
			buildRules = (
			);
			dependencies = (
				876CC3322CB4D1EE00754055 /* PBXTargetDependency */,
			);
			name = uMatterTests;
			productName = uMatterTests;
			productReference = 876CC3302CB4D1EE00754055 /* uMatterTests.xctest */;
			productType = "com.apple.product-type.bundle.unit-test";
		};
		876CC3392CB4D1EE00754055 /* uMatterUITests */ = {
			isa = PBXNativeTarget;
			buildConfigurationList = 876CC34A2CB4D1EE00754055 /* Build configuration list for PBXNativeTarget "uMatterUITests" */;
			buildPhases = (
				876CC3362CB4D1EE00754055 /* Sources */,
				876CC3372CB4D1EE00754055 /* Frameworks */,
				876CC3382CB4D1EE00754055 /* Resources */,
			);
			buildRules = (
			);
			dependencies = (
				876CC33C2CB4D1EE00754055 /* PBXTargetDependency */,
			);
			name = uMatterUITests;
			productName = uMatterUITests;
			productReference = 876CC33A2CB4D1EE00754055 /* uMatterUITests.xctest */;
			productType = "com.apple.product-type.bundle.ui-testing";
		};
/* End PBXNativeTarget section */

/* Begin PBXProject section */
		876CC3172CB4D1EB00754055 /* Project object */ = {
			isa = PBXProject;
			attributes = {
				BuildIndependentTargetsInParallel = 1;
				LastSwiftUpdateCheck = 1540;
				LastUpgradeCheck = 1540;
				TargetAttributes = {
					876CC31E2CB4D1EB00754055 = {
						CreatedOnToolsVersion = 15.4;
					};
					876CC32F2CB4D1EE00754055 = {
						CreatedOnToolsVersion = 15.4;
						TestTargetID = 876CC31E2CB4D1EB00754055;
					};
					876CC3392CB4D1EE00754055 = {
						CreatedOnToolsVersion = 15.4;
						TestTargetID = 876CC31E2CB4D1EB00754055;
					};
				};
			};
			buildConfigurationList = 876CC31A2CB4D1EB00754055 /* Build configuration list for PBXProject "uMatter" */;
			compatibilityVersion = "Xcode 14.0";
			developmentRegion = en;
			hasScannedForEncodings = 0;
			knownRegions = (
				en,
				Base,
			);
			mainGroup = 876CC3162CB4D1EB00754055;
			productRefGroup = 876CC3202CB4D1EB00754055 /* Products */;
			projectDirPath = "";
			projectRoot = "";
			targets = (
				876CC31E2CB4D1EB00754055 /* uMatter */,
				876CC32F2CB4D1EE00754055 /* uMatterTests */,
				876CC3392CB4D1EE00754055 /* uMatterUITests */,
			);
		};
/* End PBXProject section */

/* Begin PBXResourcesBuildPhase section */
		876CC31D2CB4D1EB00754055 /* Resources */ = {
			isa = PBXResourcesBuildPhase;
			buildActionMask = 2147483647;
			files = (
				876CC32B2CB4D1EE00754055 /* Preview Assets.xcassets in Resources */,
				876CC3272CB4D1EE00754055 /* Assets.xcassets in Resources */,
			);
			runOnlyForDeploymentPostprocessing = 0;
		};
		876CC32E2CB4D1EE00754055 /* Resources */ = {
			isa = PBXResourcesBuildPhase;
			buildActionMask = 2147483647;
			files = (
			);
			runOnlyForDeploymentPostprocessing = 0;
		};
		876CC3382CB4D1EE00754055 /* Resources */ = {
			isa = PBXResourcesBuildPhase;
			buildActionMask = 2147483647;
			files = (
			);
			runOnlyForDeploymentPostprocessing = 0;
		};
/* End PBXResourcesBuildPhase section */

/* Begin PBXSourcesBuildPhase section */
		876CC31B2CB4D1EB00754055 /* Sources */ = {
			isa = PBXSourcesBuildPhase;
			buildActionMask = 2147483647;
			files = (
				879778AB2CB8723D00B8CB92 /* emotion.swift in Sources */,
				876CC3252CB4D1EB00754055 /* ContentView.swift in Sources */,
				876CC3232CB4D1EB00754055 /* uMatterApp.swift in Sources */,
			);
			runOnlyForDeploymentPostprocessing = 0;
		};
		876CC32C2CB4D1EE00754055 /* Sources */ = {
			isa = PBXSourcesBuildPhase;
			buildActionMask = 2147483647;
			files = (
				876CC3352CB4D1EE00754055 /* uMatterTests.swift in Sources */,
			);
			runOnlyForDeploymentPostprocessing = 0;
		};
		876CC3362CB4D1EE00754055 /* Sources */ = {
			isa = PBXSourcesBuildPhase;
			buildActionMask = 2147483647;
			files = (
				876CC33F2CB4D1EE00754055 /* uMatterUITests.swift in Sources */,
				876CC3412CB4D1EE00754055 /* uMatterUITestsLaunchTests.swift in Sources */,
				876CC3542CB4D64200754055 /* SplashScreenView.swift in Sources */,
			);
			runOnlyForDeploymentPostprocessing = 0;
		};
/* End PBXSourcesBuildPhase section */

/* Begin PBXTargetDependency section */
		876CC3322CB4D1EE00754055 /* PBXTargetDependency */ = {
			isa = PBXTargetDependency;
			target = 876CC31E2CB4D1EB00754055 /* uMatter */;
			targetProxy = 876CC3312CB4D1EE00754055 /* PBXContainerItemProxy */;
		};
		876CC33C2CB4D1EE00754055 /* PBXTargetDependency */ = {
			isa = PBXTargetDependency;
			target = 876CC31E2CB4D1EB00754055 /* uMatter */;
			targetProxy = 876CC33B2CB4D1EE00754055 /* PBXContainerItemProxy */;
		};
/* End PBXTargetDependency section */

/* Begin XCBuildConfiguration section */
		876CC3422CB4D1EE00754055 /* Debug */ = {
			isa = XCBuildConfiguration;
			buildSettings = {
				ALWAYS_SEARCH_USER_PATHS = NO;
				ASSETCATALOG_COMPILER_GENERATE_SWIFT_ASSET_SYMBOL_EXTENSIONS = YES;
				CLANG_ANALYZER_NONNULL = YES;
				CLANG_ANALYZER_NUMBER_OBJECT_CONVERSION = YES_AGGRESSIVE;
				CLANG_CXX_LANGUAGE_STANDARD = "gnu++20";
				CLANG_ENABLE_MODULES = YES;
				CLANG_ENABLE_OBJC_ARC = YES;
				CLANG_ENABLE_OBJC_WEAK = YES;
				CLANG_WARN_BLOCK_CAPTURE_AUTORELEASING = YES;
				CLANG_WARN_BOOL_CONVERSION = YES;
				CLANG_WARN_COMMA = YES;
				CLANG_WARN_CONSTANT_CONVERSION = YES;
				CLANG_WARN_DEPRECATED_OBJC_IMPLEMENTATIONS = YES;
				CLANG_WARN_DIRECT_OBJC_ISA_USAGE = YES_ERROR;
				CLANG_WARN_DOCUMENTATION_COMMENTS = YES;
				CLANG_WARN_EMPTY_BODY = YES;
				CLANG_WARN_ENUM_CONVERSION = YES;
				CLANG_WARN_INFINITE_RECURSION = YES;
				CLANG_WARN_INT_CONVERSION = YES;
				CLANG_WARN_NON_LITERAL_NULL_CONVERSION = YES;
				CLANG_WARN_OBJC_IMPLICIT_RETAIN_SELF = YES;
				CLANG_WARN_OBJC_LITERAL_CONVERSION = YES;
				CLANG_WARN_OBJC_ROOT_CLASS = YES_ERROR;
				CLANG_WARN_QUOTED_INCLUDE_IN_FRAMEWORK_HEADER = YES;
				CLANG_WARN_RANGE_LOOP_ANALYSIS = YES;
				CLANG_WARN_STRICT_PROTOTYPES = YES;
				CLANG_WARN_SUSPICIOUS_MOVE = YES;
				CLANG_WARN_UNGUARDED_AVAILABILITY = YES_AGGRESSIVE;
				CLANG_WARN_UNREACHABLE_CODE = YES;
				CLANG_WARN__DUPLICATE_METHOD_MATCH = YES;
				COPY_PHASE_STRIP = NO;
				DEBUG_INFORMATION_FORMAT = dwarf;
				ENABLE_STRICT_OBJC_MSGSEND = YES;
				ENABLE_TESTABILITY = YES;
				ENABLE_USER_SCRIPT_SANDBOXING = YES;
				GCC_C_LANGUAGE_STANDARD = gnu17;
				GCC_DYNAMIC_NO_PIC = NO;
				GCC_NO_COMMON_BLOCKS = YES;
				GCC_OPTIMIZATION_LEVEL = 0;
				GCC_PREPROCESSOR_DEFINITIONS = (
					"DEBUG=1",
					"$(inherited)",
				);
				GCC_WARN_64_TO_32_BIT_CONVERSION = YES;
				GCC_WARN_ABOUT_RETURN_TYPE = YES_ERROR;
				GCC_WARN_UNDECLARED_SELECTOR = YES;
				GCC_WARN_UNINITIALIZED_AUTOS = YES_AGGRESSIVE;
				GCC_WARN_UNUSED_FUNCTION = YES;
				GCC_WARN_UNUSED_VARIABLE = YES;
				LOCALIZATION_PREFERS_STRING_CATALOGS = YES;
				MTL_ENABLE_DEBUG_INFO = INCLUDE_SOURCE;
				MTL_FAST_MATH = YES;
				ONLY_ACTIVE_ARCH = YES;
				SWIFT_ACTIVE_COMPILATION_CONDITIONS = "DEBUG $(inherited)";
				SWIFT_OPTIMIZATION_LEVEL = "-Onone";
			};
			name = Debug;
		};
		876CC3432CB4D1EE00754055 /* Release */ = {
			isa = XCBuildConfiguration;
			buildSettings = {
				ALWAYS_SEARCH_USER_PATHS = NO;
				ASSETCATALOG_COMPILER_GENERATE_SWIFT_ASSET_SYMBOL_EXTENSIONS = YES;
				CLANG_ANALYZER_NONNULL = YES;
				CLANG_ANALYZER_NUMBER_OBJECT_CONVERSION = YES_AGGRESSIVE;
				CLANG_CXX_LANGUAGE_STANDARD = "gnu++20";
				CLANG_ENABLE_MODULES = YES;
				CLANG_ENABLE_OBJC_ARC = YES;
				CLANG_ENABLE_OBJC_WEAK = YES;
				CLANG_WARN_BLOCK_CAPTURE_AUTORELEASING = YES;
				CLANG_WARN_BOOL_CONVERSION = YES;
				CLANG_WARN_COMMA = YES;
				CLANG_WARN_CONSTANT_CONVERSION = YES;
				CLANG_WARN_DEPRECATED_OBJC_IMPLEMENTATIONS = YES;
				CLANG_WARN_DIRECT_OBJC_ISA_USAGE = YES_ERROR;
				CLANG_WARN_DOCUMENTATION_COMMENTS = YES;
				CLANG_WARN_EMPTY_BODY = YES;
				CLANG_WARN_ENUM_CONVERSION = YES;
				CLANG_WARN_INFINITE_RECURSION = YES;
				CLANG_WARN_INT_CONVERSION = YES;
				CLANG_WARN_NON_LITERAL_NULL_CONVERSION = YES;
				CLANG_WARN_OBJC_IMPLICIT_RETAIN_SELF = YES;
				CLANG_WARN_OBJC_LITERAL_CONVERSION = YES;
				CLANG_WARN_OBJC_ROOT_CLASS = YES_ERROR;
				CLANG_WARN_QUOTED_INCLUDE_IN_FRAMEWORK_HEADER = YES;
				CLANG_WARN_RANGE_LOOP_ANALYSIS = YES;
				CLANG_WARN_STRICT_PROTOTYPES = YES;
				CLANG_WARN_SUSPICIOUS_MOVE = YES;
				CLANG_WARN_UNGUARDED_AVAILABILITY = YES_AGGRESSIVE;
				CLANG_WARN_UNREACHABLE_CODE = YES;
				CLANG_WARN__DUPLICATE_METHOD_MATCH = YES;
				COPY_PHASE_STRIP = NO;
				DEBUG_INFORMATION_FORMAT = "dwarf-with-dsym";
				ENABLE_NS_ASSERTIONS = NO;
				ENABLE_STRICT_OBJC_MSGSEND = YES;
				ENABLE_USER_SCRIPT_SANDBOXING = YES;
				GCC_C_LANGUAGE_STANDARD = gnu17;
				GCC_NO_COMMON_BLOCKS = YES;
				GCC_WARN_64_TO_32_BIT_CONVERSION = YES;
				GCC_WARN_ABOUT_RETURN_TYPE = YES_ERROR;
				GCC_WARN_UNDECLARED_SELECTOR = YES;
				GCC_WARN_UNINITIALIZED_AUTOS = YES_AGGRESSIVE;
				GCC_WARN_UNUSED_FUNCTION = YES;
				GCC_WARN_UNUSED_VARIABLE = YES;
				LOCALIZATION_PREFERS_STRING_CATALOGS = YES;
				MTL_ENABLE_DEBUG_INFO = NO;
				MTL_FAST_MATH = YES;
				SWIFT_COMPILATION_MODE = wholemodule;
			};
			name = Release;
		};
		876CC3452CB4D1EE00754055 /* Debug */ = {
			isa = XCBuildConfiguration;
			buildSettings = {
				ASSETCATALOG_COMPILER_APPICON_NAME = AppIcon;
				ASSETCATALOG_COMPILER_GLOBAL_ACCENT_COLOR_NAME = AccentColor;
				CODE_SIGN_ENTITLEMENTS = uMatter/uMatter.entitlements;
				CODE_SIGN_STYLE = Automatic;
				CURRENT_PROJECT_VERSION = 1;
				DEVELOPMENT_ASSET_PATHS = "\"uMatter/Preview Content\"";
				DEVELOPMENT_TEAM = RPZCKD6ZAR;
				ENABLE_HARDENED_RUNTIME = YES;
				ENABLE_PREVIEWS = YES;
				GENERATE_INFOPLIST_FILE = YES;
				"INFOPLIST_KEY_UIApplicationSceneManifest_Generation[sdk=iphoneos*]" = YES;
				"INFOPLIST_KEY_UIApplicationSceneManifest_Generation[sdk=iphonesimulator*]" = YES;
				"INFOPLIST_KEY_UIApplicationSupportsIndirectInputEvents[sdk=iphoneos*]" = YES;
				"INFOPLIST_KEY_UIApplicationSupportsIndirectInputEvents[sdk=iphonesimulator*]" = YES;
				"INFOPLIST_KEY_UILaunchScreen_Generation[sdk=iphoneos*]" = YES;
				"INFOPLIST_KEY_UILaunchScreen_Generation[sdk=iphonesimulator*]" = YES;
				"INFOPLIST_KEY_UIStatusBarStyle[sdk=iphoneos*]" = UIStatusBarStyleDefault;
				"INFOPLIST_KEY_UIStatusBarStyle[sdk=iphonesimulator*]" = UIStatusBarStyleDefault;
				INFOPLIST_KEY_UISupportedInterfaceOrientations_iPad = "UIInterfaceOrientationPortrait UIInterfaceOrientationPortraitUpsideDown UIInterfaceOrientationLandscapeLeft UIInterfaceOrientationLandscapeRight";
				INFOPLIST_KEY_UISupportedInterfaceOrientations_iPhone = "UIInterfaceOrientationPortrait UIInterfaceOrientationLandscapeLeft UIInterfaceOrientationLandscapeRight";
				IPHONEOS_DEPLOYMENT_TARGET = 17.5;
				LD_RUNPATH_SEARCH_PATHS = "@executable_path/Frameworks";
				"LD_RUNPATH_SEARCH_PATHS[sdk=macosx*]" = "@executable_path/../Frameworks";
				MACOSX_DEPLOYMENT_TARGET = 14.4;
				MARKETING_VERSION = 1.0;
				PRODUCT_BUNDLE_IDENTIFIER = reem.uMatter;
				PRODUCT_NAME = "$(TARGET_NAME)";
				SDKROOT = auto;
				SUPPORTED_PLATFORMS = "iphoneos iphonesimulator macosx";
				SWIFT_EMIT_LOC_STRINGS = YES;
				SWIFT_VERSION = 5.0;
				TARGETED_DEVICE_FAMILY = "1,2";
			};
			name = Debug;
		};
		876CC3462CB4D1EE00754055 /* Release */ = {
			isa = XCBuildConfiguration;
			buildSettings = {
				ASSETCATALOG_COMPILER_APPICON_NAME = AppIcon;
				ASSETCATALOG_COMPILER_GLOBAL_ACCENT_COLOR_NAME = AccentColor;
				CODE_SIGN_ENTITLEMENTS = uMatter/uMatter.entitlements;
				CODE_SIGN_STYLE = Automatic;
				CURRENT_PROJECT_VERSION = 1;
				DEVELOPMENT_ASSET_PATHS = "\"uMatter/Preview Content\"";
				DEVELOPMENT_TEAM = RPZCKD6ZAR;
				ENABLE_HARDENED_RUNTIME = YES;
				ENABLE_PREVIEWS = YES;
				GENERATE_INFOPLIST_FILE = YES;
				"INFOPLIST_KEY_UIApplicationSceneManifest_Generation[sdk=iphoneos*]" = YES;
				"INFOPLIST_KEY_UIApplicationSceneManifest_Generation[sdk=iphonesimulator*]" = YES;
				"INFOPLIST_KEY_UIApplicationSupportsIndirectInputEvents[sdk=iphoneos*]" = YES;
				"INFOPLIST_KEY_UIApplicationSupportsIndirectInputEvents[sdk=iphonesimulator*]" = YES;
				"INFOPLIST_KEY_UILaunchScreen_Generation[sdk=iphoneos*]" = YES;
				"INFOPLIST_KEY_UILaunchScreen_Generation[sdk=iphonesimulator*]" = YES;
				"INFOPLIST_KEY_UIStatusBarStyle[sdk=iphoneos*]" = UIStatusBarStyleDefault;
				"INFOPLIST_KEY_UIStatusBarStyle[sdk=iphonesimulator*]" = UIStatusBarStyleDefault;
				INFOPLIST_KEY_UISupportedInterfaceOrientations_iPad = "UIInterfaceOrientationPortrait UIInterfaceOrientationPortraitUpsideDown UIInterfaceOrientationLandscapeLeft UIInterfaceOrientationLandscapeRight";
				INFOPLIST_KEY_UISupportedInterfaceOrientations_iPhone = "UIInterfaceOrientationPortrait UIInterfaceOrientationLandscapeLeft UIInterfaceOrientationLandscapeRight";
				IPHONEOS_DEPLOYMENT_TARGET = 17.5;
				LD_RUNPATH_SEARCH_PATHS = "@executable_path/Frameworks";
				"LD_RUNPATH_SEARCH_PATHS[sdk=macosx*]" = "@executable_path/../Frameworks";
				MACOSX_DEPLOYMENT_TARGET = 14.4;
				MARKETING_VERSION = 1.0;
				PRODUCT_BUNDLE_IDENTIFIER = reem.uMatter;
				PRODUCT_NAME = "$(TARGET_NAME)";
				SDKROOT = auto;
				SUPPORTED_PLATFORMS = "iphoneos iphonesimulator macosx";
				SWIFT_EMIT_LOC_STRINGS = YES;
				SWIFT_VERSION = 5.0;
				TARGETED_DEVICE_FAMILY = "1,2";
			};
			name = Release;
		};
		876CC3482CB4D1EE00754055 /* Debug */ = {
			isa = XCBuildConfiguration;
			buildSettings = {
				ALWAYS_EMBED_SWIFT_STANDARD_LIBRARIES = YES;
				BUNDLE_LOADER = "$(TEST_HOST)";
				CODE_SIGN_STYLE = Automatic;
				CURRENT_PROJECT_VERSION = 1;
				DEVELOPMENT_TEAM = RPZCKD6ZAR;
				GENERATE_INFOPLIST_FILE = YES;
				IPHONEOS_DEPLOYMENT_TARGET = 17.5;
				MACOSX_DEPLOYMENT_TARGET = 14.4;
				MARKETING_VERSION = 1.0;
				PRODUCT_BUNDLE_IDENTIFIER = reem.uMatterTests;
				PRODUCT_NAME = "$(TARGET_NAME)";
				SDKROOT = auto;
				SUPPORTED_PLATFORMS = "iphoneos iphonesimulator macosx";
				SWIFT_EMIT_LOC_STRINGS = NO;
				SWIFT_VERSION = 5.0;
				TARGETED_DEVICE_FAMILY = "1,2";
				TEST_HOST = "$(BUILT_PRODUCTS_DIR)/uMatter.app/$(BUNDLE_EXECUTABLE_FOLDER_PATH)/uMatter";
			};
			name = Debug;
		};
		876CC3492CB4D1EE00754055 /* Release */ = {
			isa = XCBuildConfiguration;
			buildSettings = {
				ALWAYS_EMBED_SWIFT_STANDARD_LIBRARIES = YES;
				BUNDLE_LOADER = "$(TEST_HOST)";
				CODE_SIGN_STYLE = Automatic;
				CURRENT_PROJECT_VERSION = 1;
				DEVELOPMENT_TEAM = RPZCKD6ZAR;
				GENERATE_INFOPLIST_FILE = YES;
				IPHONEOS_DEPLOYMENT_TARGET = 17.5;
				MACOSX_DEPLOYMENT_TARGET = 14.4;
				MARKETING_VERSION = 1.0;
				PRODUCT_BUNDLE_IDENTIFIER = reem.uMatterTests;
				PRODUCT_NAME = "$(TARGET_NAME)";
				SDKROOT = auto;
				SUPPORTED_PLATFORMS = "iphoneos iphonesimulator macosx";
				SWIFT_EMIT_LOC_STRINGS = NO;
				SWIFT_VERSION = 5.0;
				TARGETED_DEVICE_FAMILY = "1,2";
				TEST_HOST = "$(BUILT_PRODUCTS_DIR)/uMatter.app/$(BUNDLE_EXECUTABLE_FOLDER_PATH)/uMatter";
			};
			name = Release;
		};
		876CC34B2CB4D1EE00754055 /* Debug */ = {
			isa = XCBuildConfiguration;
			buildSettings = {
				ALWAYS_EMBED_SWIFT_STANDARD_LIBRARIES = YES;
				CODE_SIGN_STYLE = Automatic;
				CURRENT_PROJECT_VERSION = 1;
				DEVELOPMENT_TEAM = RPZCKD6ZAR;
				GENERATE_INFOPLIST_FILE = YES;
				IPHONEOS_DEPLOYMENT_TARGET = 17.5;
				MACOSX_DEPLOYMENT_TARGET = 14.4;
				MARKETING_VERSION = 1.0;
				PRODUCT_BUNDLE_IDENTIFIER = reem.uMatterUITests;
				PRODUCT_NAME = "$(TARGET_NAME)";
				SDKROOT = auto;
				SUPPORTED_PLATFORMS = "iphoneos iphonesimulator macosx";
				SWIFT_EMIT_LOC_STRINGS = NO;
				SWIFT_VERSION = 5.0;
				TARGETED_DEVICE_FAMILY = "1,2";
				TEST_TARGET_NAME = uMatter;
			};
			name = Debug;
		};
		876CC34C2CB4D1EE00754055 /* Release */ = {
			isa = XCBuildConfiguration;
			buildSettings = {
				ALWAYS_EMBED_SWIFT_STANDARD_LIBRARIES = YES;
				CODE_SIGN_STYLE = Automatic;
				CURRENT_PROJECT_VERSION = 1;
				DEVELOPMENT_TEAM = RPZCKD6ZAR;
				GENERATE_INFOPLIST_FILE = YES;
				IPHONEOS_DEPLOYMENT_TARGET = 17.5;
				MACOSX_DEPLOYMENT_TARGET = 14.4;
				MARKETING_VERSION = 1.0;
				PRODUCT_BUNDLE_IDENTIFIER = reem.uMatterUITests;
				PRODUCT_NAME = "$(TARGET_NAME)";
				SDKROOT = auto;
				SUPPORTED_PLATFORMS = "iphoneos iphonesimulator macosx";
				SWIFT_EMIT_LOC_STRINGS = NO;
				SWIFT_VERSION = 5.0;
				TARGETED_DEVICE_FAMILY = "1,2";
				TEST_TARGET_NAME = uMatter;
			};
			name = Release;
		};
/* End XCBuildConfiguration section */

/* Begin XCConfigurationList section */
		876CC31A2CB4D1EB00754055 /* Build configuration list for PBXProject "uMatter" */ = {
			isa = XCConfigurationList;
			buildConfigurations = (
				876CC3422CB4D1EE00754055 /* Debug */,
				876CC3432CB4D1EE00754055 /* Release */,
			);
			defaultConfigurationIsVisible = 0;
			defaultConfigurationName = Release;
		};
		876CC3442CB4D1EE00754055 /* Build configuration list for PBXNativeTarget "uMatter" */ = {
			isa = XCConfigurationList;
			buildConfigurations = (
				876CC3452CB4D1EE00754055 /* Debug */,
				876CC3462CB4D1EE00754055 /* Release */,
			);
			defaultConfigurationIsVisible = 0;
			defaultConfigurationName = Release;
		};
		876CC3472CB4D1EE00754055 /* Build configuration list for PBXNativeTarget "uMatterTests" */ = {
			isa = XCConfigurationList;
			buildConfigurations = (
				876CC3482CB4D1EE00754055 /* Debug */,
				876CC3492CB4D1EE00754055 /* Release */,
			);
			defaultConfigurationIsVisible = 0;
			defaultConfigurationName = Release;
		};
		876CC34A2CB4D1EE00754055 /* Build configuration list for PBXNativeTarget "uMatterUITests" */ = {
			isa = XCConfigurationList;
			buildConfigurations = (
				876CC34B2CB4D1EE00754055 /* Debug */,
				876CC34C2CB4D1EE00754055 /* Release */,
			);
			defaultConfigurationIsVisible = 0;
			defaultConfigurationName = Release;
		};
/* End XCConfigurationList section */
	};
	rootObject = 876CC3172CB4D1EB00754055 /* Project object */;
}
